// !$*UTF8*$!
{
	archiveVersion = 1;
	classes = {
	};
	objectVersion = 77;
	objects = {

/* Begin PBXBuildFile section */
		195B2A8F2F2891F300506D66 /* GoogleSignIn in Frameworks */ = {isa = PBXBuildFile; productRef = 195B2A8E2F2891F300506D66 /* GoogleSignIn */; };
		195B2A912F2891F300506D66 /* GoogleSignInSwift in Frameworks */ = {isa = PBXBuildFile; productRef = 195B2A902F2891F300506D66 /* GoogleSignInSwift */; };
		19E7945F2F21F4E600C2D70E /* Auth in Frameworks */ = {isa = PBXBuildFile; productRef = 19E7945E2F21F4E600C2D70E /* Auth */; };
		19E794612F21F4E600C2D70E /* Functions in Frameworks */ = {isa = PBXBuildFile; productRef = 19E794602F21F4E600C2D70E /* Functions */; };
		19E794632F21F4E600C2D70E /* PostgREST in Frameworks */ = {isa = PBXBuildFile; productRef = 19E794622F21F4E600C2D70E /* PostgREST */; };
		19E794652F21F4E600C2D70E /* Realtime in Frameworks */ = {isa = PBXBuildFile; productRef = 19E794642F21F4E600C2D70E /* Realtime */; };
		19E794672F21F4E600C2D70E /* Storage in Frameworks */ = {isa = PBXBuildFile; productRef = 19E794662F21F4E600C2D70E /* Storage */; };
		19E794692F21F4F200C2D70E /* Supabase in Frameworks */ = {isa = PBXBuildFile; productRef = 19E794682F21F4F200C2D70E /* Supabase */; };
/* End PBXBuildFile section */

/* Begin PBXFileReference section */
		19ABF3702EC4873200DD9E40 /* Hushtag.app */ = {isa = PBXFileReference; explicitFileType = wrapper.application; includeInIndex = 0; path = Hushtag.app; sourceTree = BUILT_PRODUCTS_DIR; };
/* End PBXFileReference section */

/* Begin PBXFileSystemSynchronizedBuildFileExceptionSet section */
		19ABF3822EC4873400DD9E40 /* Exceptions for "Hushtag" folder in "Hushtag" target */ = {
			isa = PBXFileSystemSynchronizedBuildFileExceptionSet;
			membershipExceptions = (
				Info.plist,
			);
			target = 19ABF36F2EC4873200DD9E40 /* Hushtag */;
		};
/* End PBXFileSystemSynchronizedBuildFileExceptionSet section */

/* Begin PBXFileSystemSynchronizedRootGroup section */
		19ABF3722EC4873200DD9E40 /* Hushtag */ = {
			isa = PBXFileSystemSynchronizedRootGroup;
			exceptions = (
				19ABF3822EC4873400DD9E40 /* Exceptions for "Hushtag" folder in "Hushtag" target */,
			);
			path = Hushtag;
			sourceTree = "<group>";
		};
/* End PBXFileSystemSynchronizedRootGroup section */

/* Begin PBXFrameworksBuildPhase section */
		19ABF36D2EC4873200DD9E40 /* Frameworks */ = {
			isa = PBXFrameworksBuildPhase;
			buildActionMask = 2147483647;
			files = (
				19E794632F21F4E600C2D70E /* PostgREST in Frameworks */,
				19E794612F21F4E600C2D70E /* Functions in Frameworks */,
				19E794692F21F4F200C2D70E /* Supabase in Frameworks */,
				195B2A912F2891F300506D66 /* GoogleSignInSwift in Frameworks */,
				19E7945F2F21F4E600C2D70E /* Auth in Frameworks */,
				19E794672F21F4E600C2D70E /* Storage in Frameworks */,
				19E794652F21F4E600C2D70E /* Realtime in Frameworks */,
				195B2A8F2F2891F300506D66 /* GoogleSignIn in Frameworks */,
			);
			runOnlyForDeploymentPostprocessing = 0;
		};
/* End PBXFrameworksBuildPhase section */

/* Begin PBXGroup section */
		19ABF3672EC4873200DD9E40 = {
			isa = PBXGroup;
			children = (
				19ABF3722EC4873200DD9E40 /* Hushtag */,
				19E7928C2F21F12600C2D70E /* Frameworks */,
				19ABF3712EC4873200DD9E40 /* Products */,
			);
			sourceTree = "<group>";
		};
		19ABF3712EC4873200DD9E40 /* Products */ = {
			isa = PBXGroup;
			children = (
				19ABF3702EC4873200DD9E40 /* Hushtag.app */,
			);
			name = Products;
			sourceTree = "<group>";
		};
		19E7928C2F21F12600C2D70E /* Frameworks */ = {
			isa = PBXGroup;
			children = (
			);
			name = Frameworks;
			sourceTree = "<group>";
		};
/* End PBXGroup section */

/* Begin PBXNativeTarget section */
		19ABF36F2EC4873200DD9E40 /* Hushtag */ = {
			isa = PBXNativeTarget;
			buildConfigurationList = 19ABF3832EC4873400DD9E40 /* Build configuration list for PBXNativeTarget "Hushtag" */;
			buildPhases = (
				19ABF36C2EC4873200DD9E40 /* Sources */,
				19ABF36D2EC4873200DD9E40 /* Frameworks */,
				19ABF36E2EC4873200DD9E40 /* Resources */,
			);
			buildRules = (
			);
			dependencies = (
			);
			fileSystemSynchronizedGroups = (
				19ABF3722EC4873200DD9E40 /* Hushtag */,
			);
			name = Hushtag;
			packageProductDependencies = (
				19E7945E2F21F4E600C2D70E /* Auth */,
				19E794602F21F4E600C2D70E /* Functions */,
				19E794622F21F4E600C2D70E /* PostgREST */,
				19E794642F21F4E600C2D70E /* Realtime */,
				19E794662F21F4E600C2D70E /* Storage */,
				19E794682F21F4F200C2D70E /* Supabase */,
				195B2A8E2F2891F300506D66 /* GoogleSignIn */,
				195B2A902F2891F300506D66 /* GoogleSignInSwift */,
			);
			productName = Hushtag;
			productReference = 19ABF3702EC4873200DD9E40 /* Hushtag.app */;
			productType = "com.apple.product-type.application";
		};
/* End PBXNativeTarget section */

/* Begin PBXProject section */
		19ABF3682EC4873200DD9E40 /* Project object */ = {
			isa = PBXProject;
			attributes = {
				BuildIndependentTargetsInParallel = 1;
				LastSwiftUpdateCheck = 2610;
				LastUpgradeCheck = 2610;
				TargetAttributes = {
					19ABF36F2EC4873200DD9E40 = {
						CreatedOnToolsVersion = 26.1;
					};
				};
			};
			buildConfigurationList = 19ABF36B2EC4873200DD9E40 /* Build configuration list for PBXProject "Hushtag" */;
			developmentRegion = en;
			hasScannedForEncodings = 0;
			knownRegions = (
				en,
				Base,
			);
			mainGroup = 19ABF3672EC4873200DD9E40;
			minimizedProjectReferenceProxies = 1;
			packageReferences = (
				19E7945D2F21F4E600C2D70E /* XCRemoteSwiftPackageReference "supabase-swift" */,
				195B2A8D2F2891F300506D66 /* XCRemoteSwiftPackageReference "GoogleSignIn-iOS" */,
			);
			preferredProjectObjectVersion = 77;
			productRefGroup = 19ABF3712EC4873200DD9E40 /* Products */;
			projectDirPath = "";
			projectRoot = "";
			targets = (
				19ABF36F2EC4873200DD9E40 /* Hushtag */,
			);
		};
/* End PBXProject section */

/* Begin PBXResourcesBuildPhase section */
		19ABF36E2EC4873200DD9E40 /* Resources */ = {
			isa = PBXResourcesBuildPhase;
			buildActionMask = 2147483647;
			files = (
			);
			runOnlyForDeploymentPostprocessing = 0;
		};
/* End PBXResourcesBuildPhase section */

/* Begin PBXSourcesBuildPhase section */
		19ABF36C2EC4873200DD9E40 /* Sources */ = {
			isa = PBXSourcesBuildPhase;
			buildActionMask = 2147483647;
			files = (
			);
			runOnlyForDeploymentPostprocessing = 0;
		};
/* End PBXSourcesBuildPhase section */

/* Begin XCBuildConfiguration section */
		19ABF3842EC4873400DD9E40 /* Debug */ = {
			isa = XCBuildConfiguration;
			buildSettings = {
				ASSETCATALOG_COMPILER_APPICON_NAME = AppIcon;
				ASSETCATALOG_COMPILER_GLOBAL_ACCENT_COLOR_NAME = AccentColor;
				CODE_SIGN_STYLE = Automatic;
				CURRENT_PROJECT_VERSION = 1;
				DEVELOPMENT_TEAM = Y255C82WC7;
				GENERATE_INFOPLIST_FILE = YES;
				INFOPLIST_FILE = Hushtag/Info.plist;
				INFOPLIST_KEY_UIApplicationSupportsIndirectInputEvents = YES;
				INFOPLIST_KEY_UILaunchStoryboardName = LaunchScreen;
				INFOPLIST_KEY_UIMainStoryboardFile = Main;
				INFOPLIST_KEY_UISupportedInterfaceOrientations_iPad = "UIInterfaceOrientationPortrait UIInterfaceOrientationPortraitUpsideDown UIInterfaceOrientationLandscapeLeft UIInterfaceOrientationLandscapeRight";
				INFOPLIST_KEY_UISupportedInterfaceOrientations_iPhone = "UIInterfaceOrientationPortrait UIInterfaceOrientationLandscapeLeft UIInterfaceOrientationLandscapeRight";
				LD_RUNPATH_SEARCH_PATHS = (
					"$(inherited)",
					"@executable_path/Frameworks",
				);
				MARKETING_VERSION = 1.0;
				PRODUCT_BUNDLE_IDENTIFIER = com.learningxcode.Hushtag;
				PRODUCT_NAME = "$(TARGET_NAME)";
				STRING_CATALOG_GENERATE_SYMBOLS = YES;
				SWIFT_APPROACHABLE_CONCURRENCY = YES;
				SWIFT_DEFAULT_ACTOR_ISOLATION = MainActor;
				SWIFT_EMIT_LOC_STRINGS = YES;
				SWIFT_UPCOMING_FEATURE_MEMBER_IMPORT_VISIBILITY = YES;
				SWIFT_VERSION = 5.0;
				TARGETED_DEVICE_FAMILY = "1,2";
			};
			name = Debug;
		};
		19ABF3852EC4873400DD9E40 /* Release */ = {
			isa = XCBuildConfiguration;
			buildSettings = {
				ASSETCATALOG_COMPILER_APPICON_NAME = AppIcon;
				ASSETCATALOG_COMPILER_GLOBAL_ACCENT_COLOR_NAME = AccentColor;
				CODE_SIGN_STYLE = Automatic;
				CURRENT_PROJECT_VERSION = 1;
				DEVELOPMENT_TEAM = Y255C82WC7;
				GENERATE_INFOPLIST_FILE = YES;
				INFOPLIST_FILE = Hushtag/Info.plist;
				INFOPLIST_KEY_UIApplicationSupportsIndirectInputEvents = YES;
				INFOPLIST_KEY_UILaunchStoryboardName = LaunchScreen;
				INFOPLIST_KEY_UIMainStoryboardFile = Main;
				INFOPLIST_KEY_UISupportedInterfaceOrientations_iPad = "UIInterfaceOrientationPortrait UIInterfaceOrientationPortraitUpsideDown UIInterfaceOrientationLandscapeLeft UIInterfaceOrientationLandscapeRight";
				INFOPLIST_KEY_UISupportedInterfaceOrientations_iPhone = "UIInterfaceOrientationPortrait UIInterfaceOrientationLandscapeLeft UIInterfaceOrientationLandscapeRight";
				LD_RUNPATH_SEARCH_PATHS = (
					"$(inherited)",
					"@executable_path/Frameworks",
				);
				MARKETING_VERSION = 1.0;
				PRODUCT_BUNDLE_IDENTIFIER = com.learningxcode.Hushtag;
				PRODUCT_NAME = "$(TARGET_NAME)";
				STRING_CATALOG_GENERATE_SYMBOLS = YES;
				SWIFT_APPROACHABLE_CONCURRENCY = YES;
				SWIFT_DEFAULT_ACTOR_ISOLATION = MainActor;
				SWIFT_EMIT_LOC_STRINGS = YES;
				SWIFT_UPCOMING_FEATURE_MEMBER_IMPORT_VISIBILITY = YES;
				SWIFT_VERSION = 5.0;
				TARGETED_DEVICE_FAMILY = "1,2";
			};
			name = Release;
		};
		19ABF3862EC4873400DD9E40 /* Debug */ = {
			isa = XCBuildConfiguration;
			buildSettings = {
				ALWAYS_SEARCH_USER_PATHS = NO;
				ASSETCATALOG_COMPILER_GENERATE_SWIFT_ASSET_SYMBOL_EXTENSIONS = YES;
				CLANG_ANALYZER_NONNULL = YES;
				CLANG_ANALYZER_NUMBER_OBJECT_CONVERSION = YES_AGGRESSIVE;
				CLANG_CXX_LANGUAGE_STANDARD = "gnu++20";
				CLANG_ENABLE_MODULES = YES;
				CLANG_ENABLE_OBJC_ARC = YES;
				CLANG_ENABLE_OBJC_WEAK = YES;
				CLANG_WARN_BLOCK_CAPTURE_AUTORELEASING = YES;
				CLANG_WARN_BOOL_CONVERSION = YES;
				CLANG_WARN_COMMA = YES;
				CLANG_WARN_CONSTANT_CONVERSION = YES;
				CLANG_WARN_DEPRECATED_OBJC_IMPLEMENTATIONS = YES;
				CLANG_WARN_DIRECT_OBJC_ISA_USAGE = YES_ERROR;
				CLANG_WARN_DOCUMENTATION_COMMENTS = YES;
				CLANG_WARN_EMPTY_BODY = YES;
				CLANG_WARN_ENUM_CONVERSION = YES;
				CLANG_WARN_INFINITE_RECURSION = YES;
				CLANG_WARN_INT_CONVERSION = YES;
				CLANG_WARN_NON_LITERAL_NULL_CONVERSION = YES;
				CLANG_WARN_OBJC_IMPLICIT_RETAIN_SELF = YES;
				CLANG_WARN_OBJC_LITERAL_CONVERSION = YES;
				CLANG_WARN_OBJC_ROOT_CLASS = YES_ERROR;
				CLANG_WARN_QUOTED_INCLUDE_IN_FRAMEWORK_HEADER = YES;
				CLANG_WARN_RANGE_LOOP_ANALYSIS = YES;
				CLANG_WARN_STRICT_PROTOTYPES = YES;
				CLANG_WARN_SUSPICIOUS_MOVE = YES;
				CLANG_WARN_UNGUARDED_AVAILABILITY = YES_AGGRESSIVE;
				CLANG_WARN_UNREACHABLE_CODE = YES;
				CLANG_WARN__DUPLICATE_METHOD_MATCH = YES;
				COPY_PHASE_STRIP = NO;
				DEBUG_INFORMATION_FORMAT = dwarf;
				ENABLE_STRICT_OBJC_MSGSEND = YES;
				ENABLE_TESTABILITY = YES;
				ENABLE_USER_SCRIPT_SANDBOXING = YES;
				GCC_C_LANGUAGE_STANDARD = gnu17;
				GCC_DYNAMIC_NO_PIC = NO;
				GCC_NO_COMMON_BLOCKS = YES;
				GCC_OPTIMIZATION_LEVEL = 0;
				GCC_PREPROCESSOR_DEFINITIONS = (
					"DEBUG=1",
					"$(inherited)",
				);
				GCC_WARN_64_TO_32_BIT_CONVERSION = YES;
				GCC_WARN_ABOUT_RETURN_TYPE = YES_ERROR;
				GCC_WARN_UNDECLARED_SELECTOR = YES;
				GCC_WARN_UNINITIALIZED_AUTOS = YES_AGGRESSIVE;
				GCC_WARN_UNUSED_FUNCTION = YES;
				GCC_WARN_UNUSED_VARIABLE = YES;
				IPHONEOS_DEPLOYMENT_TARGET = 26.1;
				LOCALIZATION_PREFERS_STRING_CATALOGS = YES;
				MTL_ENABLE_DEBUG_INFO = INCLUDE_SOURCE;
				MTL_FAST_MATH = YES;
				ONLY_ACTIVE_ARCH = YES;
				SDKROOT = iphoneos;
				SWIFT_ACTIVE_COMPILATION_CONDITIONS = "DEBUG $(inherited)";
				SWIFT_OPTIMIZATION_LEVEL = "-Onone";
			};
			name = Debug;
		};
		19ABF3872EC4873400DD9E40 /* Release */ = {
			isa = XCBuildConfiguration;
			buildSettings = {
				ALWAYS_SEARCH_USER_PATHS = NO;
				ASSETCATALOG_COMPILER_GENERATE_SWIFT_ASSET_SYMBOL_EXTENSIONS = YES;
				CLANG_ANALYZER_NONNULL = YES;
				CLANG_ANALYZER_NUMBER_OBJECT_CONVERSION = YES_AGGRESSIVE;
				CLANG_CXX_LANGUAGE_STANDARD = "gnu++20";
				CLANG_ENABLE_MODULES = YES;
				CLANG_ENABLE_OBJC_ARC = YES;
				CLANG_ENABLE_OBJC_WEAK = YES;
				CLANG_WARN_BLOCK_CAPTURE_AUTORELEASING = YES;
				CLANG_WARN_BOOL_CONVERSION = YES;
				CLANG_WARN_COMMA = YES;
				CLANG_WARN_CONSTANT_CONVERSION = YES;
				CLANG_WARN_DEPRECATED_OBJC_IMPLEMENTATIONS = YES;
				CLANG_WARN_DIRECT_OBJC_ISA_USAGE = YES_ERROR;
				CLANG_WARN_DOCUMENTATION_COMMENTS = YES;
				CLANG_WARN_EMPTY_BODY = YES;
				CLANG_WARN_ENUM_CONVERSION = YES;
				CLANG_WARN_INFINITE_RECURSION = YES;
				CLANG_WARN_INT_CONVERSION = YES;
				CLANG_WARN_NON_LITERAL_NULL_CONVERSION = YES;
				CLANG_WARN_OBJC_IMPLICIT_RETAIN_SELF = YES;
				CLANG_WARN_OBJC_LITERAL_CONVERSION = YES;
				CLANG_WARN_OBJC_ROOT_CLASS = YES_ERROR;
				CLANG_WARN_QUOTED_INCLUDE_IN_FRAMEWORK_HEADER = YES;
				CLANG_WARN_RANGE_LOOP_ANALYSIS = YES;
				CLANG_WARN_STRICT_PROTOTYPES = YES;
				CLANG_WARN_SUSPICIOUS_MOVE = YES;
				CLANG_WARN_UNGUARDED_AVAILABILITY = YES_AGGRESSIVE;
				CLANG_WARN_UNREACHABLE_CODE = YES;
				CLANG_WARN__DUPLICATE_METHOD_MATCH = YES;
				COPY_PHASE_STRIP = NO;
				DEBUG_INFORMATION_FORMAT = "dwarf-with-dsym";
				ENABLE_NS_ASSERTIONS = NO;
				ENABLE_STRICT_OBJC_MSGSEND = YES;
				ENABLE_USER_SCRIPT_SANDBOXING = YES;
				GCC_C_LANGUAGE_STANDARD = gnu17;
				GCC_NO_COMMON_BLOCKS = YES;
				GCC_WARN_64_TO_32_BIT_CONVERSION = YES;
				GCC_WARN_ABOUT_RETURN_TYPE = YES_ERROR;
				GCC_WARN_UNDECLARED_SELECTOR = YES;
				GCC_WARN_UNINITIALIZED_AUTOS = YES_AGGRESSIVE;
				GCC_WARN_UNUSED_FUNCTION = YES;
				GCC_WARN_UNUSED_VARIABLE = YES;
				IPHONEOS_DEPLOYMENT_TARGET = 26.1;
				LOCALIZATION_PREFERS_STRING_CATALOGS = YES;
				MTL_ENABLE_DEBUG_INFO = NO;
				MTL_FAST_MATH = YES;
				SDKROOT = iphoneos;
				SWIFT_COMPILATION_MODE = wholemodule;
				VALIDATE_PRODUCT = YES;
			};
			name = Release;
		};
/* End XCBuildConfiguration section */

/* Begin XCConfigurationList section */
		19ABF36B2EC4873200DD9E40 /* Build configuration list for PBXProject "Hushtag" */ = {
			isa = XCConfigurationList;
			buildConfigurations = (
				19ABF3862EC4873400DD9E40 /* Debug */,
				19ABF3872EC4873400DD9E40 /* Release */,
			);
			defaultConfigurationIsVisible = 0;
			defaultConfigurationName = Release;
		};
		19ABF3832EC4873400DD9E40 /* Build configuration list for PBXNativeTarget "Hushtag" */ = {
			isa = XCConfigurationList;
			buildConfigurations = (
				19ABF3842EC4873400DD9E40 /* Debug */,
				19ABF3852EC4873400DD9E40 /* Release */,
			);
			defaultConfigurationIsVisible = 0;
			defaultConfigurationName = Release;
		};
/* End XCConfigurationList section */

/* Begin XCRemoteSwiftPackageReference section */
		195B2A8D2F2891F300506D66 /* XCRemoteSwiftPackageReference "GoogleSignIn-iOS" */ = {
			isa = XCRemoteSwiftPackageReference;
			repositoryURL = "https://github.com/google/GoogleSignIn-iOS";
			requirement = {
				kind = upToNextMajorVersion;
				minimumVersion = 9.1.0;
			};
		};
		19E7945D2F21F4E600C2D70E /* XCRemoteSwiftPackageReference "supabase-swift" */ = {
			isa = XCRemoteSwiftPackageReference;
			repositoryURL = "https://github.com/supabase-community/supabase-swift";
			requirement = {
				kind = upToNextMajorVersion;
				minimumVersion = 2.5.1;
			};
		};
/* End XCRemoteSwiftPackageReference section */

/* Begin XCSwiftPackageProductDependency section */
		195B2A8E2F2891F300506D66 /* GoogleSignIn */ = {
			isa = XCSwiftPackageProductDependency;
			package = 195B2A8D2F2891F300506D66 /* XCRemoteSwiftPackageReference "GoogleSignIn-iOS" */;
			productName = GoogleSignIn;
		};
		195B2A902F2891F300506D66 /* GoogleSignInSwift */ = {
			isa = XCSwiftPackageProductDependency;
			package = 195B2A8D2F2891F300506D66 /* XCRemoteSwiftPackageReference "GoogleSignIn-iOS" */;
			productName = GoogleSignInSwift;
		};
		19E7945E2F21F4E600C2D70E /* Auth */ = {
			isa = XCSwiftPackageProductDependency;
			package = 19E7945D2F21F4E600C2D70E /* XCRemoteSwiftPackageReference "supabase-swift" */;
			productName = Auth;
		};
		19E794602F21F4E600C2D70E /* Functions */ = {
			isa = XCSwiftPackageProductDependency;
			package = 19E7945D2F21F4E600C2D70E /* XCRemoteSwiftPackageReference "supabase-swift" */;
			productName = Functions;
		};
		19E794622F21F4E600C2D70E /* PostgREST */ = {
			isa = XCSwiftPackageProductDependency;
			package = 19E7945D2F21F4E600C2D70E /* XCRemoteSwiftPackageReference "supabase-swift" */;
			productName = PostgREST;
		};
		19E794642F21F4E600C2D70E /* Realtime */ = {
			isa = XCSwiftPackageProductDependency;
			package = 19E7945D2F21F4E600C2D70E /* XCRemoteSwiftPackageReference "supabase-swift" */;
			productName = Realtime;
		};
		19E794662F21F4E600C2D70E /* Storage */ = {
			isa = XCSwiftPackageProductDependency;
			package = 19E7945D2F21F4E600C2D70E /* XCRemoteSwiftPackageReference "supabase-swift" */;
			productName = Storage;
		};
		19E794682F21F4F200C2D70E /* Supabase */ = {
			isa = XCSwiftPackageProductDependency;
			package = 19E7945D2F21F4E600C2D70E /* XCRemoteSwiftPackageReference "supabase-swift" */;
			productName = Supabase;
		};
/* End XCSwiftPackageProductDependency section */
	};
	rootObject = 19ABF3682EC4873200DD9E40 /* Project object */;
}
